Microsoft Visual Studio Solution File, Format Version 12.00
# Visual Studio Version 16
VisualStudioVersion = 16.0.29102.190
MinimumVisualStudioVersion = 10.0.40219.1
Project("{FAE04EC0-301F-11D3-BF4B-00C04F79EFBC}") = "GraphDiff.Tests", "GraphDiff.Tests\GraphDiff.Tests.csproj", "{36762487-8275-440B-8E19-AADA325652E4}"
EndProject
Project("{FAE04EC0-301F-11D3-BF4B-00C04F79EFBC}") = "GraphDiff", "GraphDiff\GraphDiff.csproj", "{D9725B00-669C-409D-9AB8-C674710C8E5D}"
EndProject
Project("{2150E333-8FDC-42A3-9474-1A3956D46DE8}") = ".nuget", ".nuget", "{3AB2ED25-2782-4F5E-9C7C-D414A020D8E5}"
	ProjectSection(SolutionItems) = preProject
		.nuget\NuGet.Config = .nuget\NuGet.Config
		.nuget\NuGet.exe = .nuget\NuGet.exe
		.nuget\NuGet.targets = .nuget\NuGet.targets
	EndProjectSection
EndProject
Project("{D954291E-2A0B-460D-934E-DC6B0785DB48}") = "GraphDiff.Shared", "GraphDiff.Shared\GraphDiff.Shared.shproj", "{C97B2C2C-B005-438B-8D0C-EE3557D03041}"
EndProject
Project("{FAE04EC0-301F-11D3-BF4B-00C04F79EFBC}") = "GraphDiff.NetStandard21", "GraphDiff.NetStandard21\GraphDiff.NetStandard21.csproj", "{13FCA06A-1CB3-4584-8421-F15730D0A0F7}"
EndProject
Global
	GlobalSection(SharedMSBuildProjectFiles) = preSolution
		GraphDiff.Shared\GraphDiff.Shared.projitems*{c97b2c2c-b005-438b-8d0c-ee3557d03041}*SharedItemsImports = 13
		GraphDiff.Shared\GraphDiff.Shared.projitems*{d9725b00-669c-409d-9ab8-c674710c8e5d}*SharedItemsImports = 4
	EndGlobalSection
	GlobalSection(SolutionConfigurationPlatforms) = preSolution
		Debug|Any CPU = Debug|Any CPU
		Release|Any CPU = Release|Any CPU
	EndGlobalSection
	GlobalSection(ProjectConfigurationPlatforms) = postSolution
		{36762487-8275-440B-8E19-AADA325652E4}.Debug|Any CPU.ActiveCfg = Debug|Any CPU
		{36762487-8275-440B-8E19-AADA325652E4}.Debug|Any CPU.Build.0 = Debug|Any CPU
		{36762487-8275-440B-8E19-AADA325652E4}.Release|Any CPU.ActiveCfg = Release|Any CPU
		{36762487-8275-440B-8E19-AADA325652E4}.Release|Any CPU.Build.0 = Release|Any CPU
		{D9725B00-669C-409D-9AB8-C674710C8E5D}.Debug|Any CPU.ActiveCfg = Debug|Any CPU
		{D9725B00-669C-409D-9AB8-C674710C8E5D}.Debug|Any CPU.Build.0 = Debug|Any CPU
		{D9725B00-669C-409D-9AB8-C674710C8E5D}.Release|Any CPU.ActiveCfg = Release|Any CPU
		{D9725B00-669C-409D-9AB8-C674710C8E5D}.Release|Any CPU.Build.0 = Release|Any CPU
		{13FCA06A-1CB3-4584-8421-F15730D0A0F7}.Debug|Any CPU.ActiveCfg = Debug|Any CPU
		{13FCA06A-1CB3-4584-8421-F15730D0A0F7}.Debug|Any CPU.Build.0 = Debug|Any CPU
		{13FCA06A-1CB3-4584-8421-F15730D0A0F7}.Release|Any CPU.ActiveCfg = Release|Any CPU
		{13FCA06A-1CB3-4584-8421-F15730D0A0F7}.Release|Any CPU.Build.0 = Release|Any CPU
	EndGlobalSection
	GlobalSection(SolutionProperties) = preSolution
		HideSolutionNode = FALSE
	EndGlobalSection
	GlobalSection(ExtensibilityGlobals) = postSolution
		SolutionGuid = {A90EC142-D07B-4BCA-8356-62A163BADB19}
	EndGlobalSection
EndGlobal
